
Microsoft Visual Studio Solution File, Format Version 12.00
# Visual Studio Version 16
VisualStudioVersion = 16.0.30114.105
MinimumVisualStudioVersion = 10.0.40219.1
Project("{9A19103F-16F7-4668-BE54-9A1E7A4F7556}") = "Generic.MailSender.Api", "Generic.MailSender.Api\Generic.MailSender.Api.csproj", "{03C01604-75F1-42C3-9C89-3777BDB95B39}"
EndProject
Project("{E53339B2-1760-4266-BCC7-CA923CBCF16C}") = "docker-compose", "docker-compose.dcproj", "{2A83A231-7668-4270-BB15-90B4EF6C73DC}"
EndProject
Global
	GlobalSection(SolutionConfigurationPlatforms) = preSolution
		Debug|Any CPU = Debug|Any CPU
		Release|Any CPU = Release|Any CPU
	EndGlobalSection
	GlobalSection(ProjectConfigurationPlatforms) = postSolution
		{03C01604-75F1-42C3-9C89-3777BDB95B39}.Debug|Any CPU.ActiveCfg = Debug|Any CPU
		{03C01604-75F1-42C3-9C89-3777BDB95B39}.Debug|Any CPU.Build.0 = Debug|Any CPU
		{03C01604-75F1-42C3-9C89-3777BDB95B39}.Release|Any CPU.ActiveCfg = Release|Any CPU
		{03C01604-75F1-42C3-9C89-3777BDB95B39}.Release|Any CPU.Build.0 = Release|Any CPU
		{2A83A231-7668-4270-BB15-90B4EF6C73DC}.Debug|Any CPU.ActiveCfg = Debug|Any CPU
		{2A83A231-7668-4270-BB15-90B4EF6C73DC}.Debug|Any CPU.Build.0 = Debug|Any CPU
		{2A83A231-7668-4270-BB15-90B4EF6C73DC}.Release|Any CPU.ActiveCfg = Release|Any CPU
		{2A83A231-7668-4270-BB15-90B4EF6C73DC}.Release|Any CPU.Build.0 = Release|Any CPU
	EndGlobalSection
	GlobalSection(SolutionProperties) = preSolution
		HideSolutionNode = FALSE
	EndGlobalSection
	GlobalSection(ExtensibilityGlobals) = postSolution
		SolutionGuid = {809D0A9B-3A7C-4DBD-B681-F0FE70FAD9EF}
	EndGlobalSection
EndGlobal
